
Microsoft Visual Studio Solution File, Format Version 12.00
# Visual Studio 15
VisualStudioVersion = 15.0.26403.7
MinimumVisualStudioVersion = 10.0.40219.1
Project("{FAE04EC0-301F-11D3-BF4B-00C04F79EFBC}") = "GyMaster", "GyMaster\GyMaster.csproj", "{9953C9FB-6568-41D3-91A4-87C6D37642CD}"
EndProject
Project("{FAE04EC0-301F-11D3-BF4B-00C04F79EFBC}") = "Data", "Data\Data.csproj", "{DADBDB7F-1783-4141-B15D-4E63A038317F}"
EndProject
Project("{FAE04EC0-301F-11D3-BF4B-00C04F79EFBC}") = "BusinessLogic", "BusinessLogic\BusinessLogic.csproj", "{26095D4C-D185-4B64-86DD-4BBF8D0683FA}"
EndProject
Project("{FAE04EC0-301F-11D3-BF4B-00C04F79EFBC}") = "Test", "Test\Test.csproj", "{33430224-F2FE-48A2-8067-8D32597FEF34}"
EndProject
Global
	GlobalSection(SolutionConfigurationPlatforms) = preSolution
		Debug|Any CPU = Debug|Any CPU
		Release|Any CPU = Release|Any CPU
	EndGlobalSection
	GlobalSection(ProjectConfigurationPlatforms) = postSolution
		{9953C9FB-6568-41D3-91A4-87C6D37642CD}.Debug|Any CPU.ActiveCfg = Debug|Any CPU
		{9953C9FB-6568-41D3-91A4-87C6D37642CD}.Debug|Any CPU.Build.0 = Debug|Any CPU
		{9953C9FB-6568-41D3-91A4-87C6D37642CD}.Release|Any CPU.ActiveCfg = Release|Any CPU
		{9953C9FB-6568-41D3-91A4-87C6D37642CD}.Release|Any CPU.Build.0 = Release|Any CPU
		{DADBDB7F-1783-4141-B15D-4E63A038317F}.Debug|Any CPU.ActiveCfg = Debug|Any CPU
		{DADBDB7F-1783-4141-B15D-4E63A038317F}.Debug|Any CPU.Build.0 = Debug|Any CPU
		{DADBDB7F-1783-4141-B15D-4E63A038317F}.Release|Any CPU.ActiveCfg = Release|Any CPU
		{DADBDB7F-1783-4141-B15D-4E63A038317F}.Release|Any CPU.Build.0 = Release|Any CPU
		{26095D4C-D185-4B64-86DD-4BBF8D0683FA}.Debug|Any CPU.ActiveCfg = Debug|Any CPU
		{26095D4C-D185-4B64-86DD-4BBF8D0683FA}.Debug|Any CPU.Build.0 = Debug|Any CPU
		{26095D4C-D185-4B64-86DD-4BBF8D0683FA}.Release|Any CPU.ActiveCfg = Release|Any CPU
		{26095D4C-D185-4B64-86DD-4BBF8D0683FA}.Release|Any CPU.Build.0 = Release|Any CPU
		{33430224-F2FE-48A2-8067-8D32597FEF34}.Debug|Any CPU.ActiveCfg = Debug|Any CPU
		{33430224-F2FE-48A2-8067-8D32597FEF34}.Debug|Any CPU.Build.0 = Debug|Any CPU
		{33430224-F2FE-48A2-8067-8D32597FEF34}.Release|Any CPU.ActiveCfg = Release|Any CPU
		{33430224-F2FE-48A2-8067-8D32597FEF34}.Release|Any CPU.Build.0 = Release|Any CPU
	EndGlobalSection
	GlobalSection(SolutionProperties) = preSolution
		HideSolutionNode = FALSE
	EndGlobalSection
EndGlobal
